
Microsoft Visual Studio Solution File, Format Version 12.00
# Visual Studio Version 17
VisualStudioVersion = 17.3.32901.215
MinimumVisualStudioVersion = 10.0.40219.1
Project("{FAE04EC0-301F-11D3-BF4B-00C04F79EFBC}") = "task30", "task30\task30.csproj", "{AA75466F-83E0-4B63-8A43-85E66A7F13BA}"
EndProject
Global
	GlobalSection(SolutionConfigurationPlatforms) = preSolution
		Debug|Any CPU = Debug|Any CPU
		Release|Any CPU = Release|Any CPU
	EndGlobalSection
	GlobalSection(ProjectConfigurationPlatforms) = postSolution
		{AA75466F-83E0-4B63-8A43-85E66A7F13BA}.Debug|Any CPU.ActiveCfg = Debug|Any CPU
		{AA75466F-83E0-4B63-8A43-85E66A7F13BA}.Debug|Any CPU.Build.0 = Debug|Any CPU
		{AA75466F-83E0-4B63-8A43-85E66A7F13BA}.Release|Any CPU.ActiveCfg = Release|Any CPU
		{AA75466F-83E0-4B63-8A43-85E66A7F13BA}.Release|Any CPU.Build.0 = Release|Any CPU
	EndGlobalSection
	GlobalSection(SolutionProperties) = preSolution
		HideSolutionNode = FALSE
	EndGlobalSection
	GlobalSection(ExtensibilityGlobals) = postSolution
		SolutionGuid = {462DA696-9CAA-4030-A0DD-3C897F47C5D7}
	EndGlobalSection
EndGlobal
