
Microsoft Visual Studio Solution File, Format Version 12.00
# Visual Studio Version 17
VisualStudioVersion = 17.3.32901.215
MinimumVisualStudioVersion = 10.0.40219.1
Project("{FAE04EC0-301F-11D3-BF4B-00C04F79EFBC}") = "Phonebook30", "Phonebook30\Phonebook30.csproj", "{208445DE-9A8F-4D3C-B92D-A4FA88361CA7}"
EndProject
Global
	GlobalSection(SolutionConfigurationPlatforms) = preSolution
		Debug|Any CPU = Debug|Any CPU
		Release|Any CPU = Release|Any CPU
	EndGlobalSection
	GlobalSection(ProjectConfigurationPlatforms) = postSolution
		{208445DE-9A8F-4D3C-B92D-A4FA88361CA7}.Debug|Any CPU.ActiveCfg = Debug|Any CPU
		{208445DE-9A8F-4D3C-B92D-A4FA88361CA7}.Debug|Any CPU.Build.0 = Debug|Any CPU
		{208445DE-9A8F-4D3C-B92D-A4FA88361CA7}.Release|Any CPU.ActiveCfg = Release|Any CPU
		{208445DE-9A8F-4D3C-B92D-A4FA88361CA7}.Release|Any CPU.Build.0 = Release|Any CPU
	EndGlobalSection
	GlobalSection(SolutionProperties) = preSolution
		HideSolutionNode = FALSE
	EndGlobalSection
	GlobalSection(ExtensibilityGlobals) = postSolution
		SolutionGuid = {95A2935B-9BB8-44BA-9D97-1873700BCEFE}
	EndGlobalSection
EndGlobal
